{
  "name": "orquesta-codex-skill",
  "version": "0.3.0-beta.0",
  "lockfileVersion": 3,
  "requires": true,
  "packages": {
    "": {
      "name": "orquesta-codex-skill",
      "version": "0.3.0-beta.0",
      "workspaces": [
        "apps/*",
        "packages/*"
      ],
      "engines": {
        "node": ">=20"
      }
    },
    "apps/workbench": {
      "name": "@orquesta/workbench",
      "version": "0.4.0-preview.1",
      "dependencies": {
        "@orquesta/core": "*",
        "@orquesta/event-store": "*"
      }
    },
    "node_modules/@orquesta/audit": {
      "resolved": "packages/audit",
      "link": true
    },
    "node_modules/@orquesta/capability-compiler": {
      "resolved": "packages/capability-compiler",
      "link": true
    },
    "node_modules/@orquesta/capability-resolver": {
      "resolved": "packages/capability-resolver",
      "link": true
    },
    "node_modules/@orquesta/context-compiler": {
      "resolved": "packages/context-compiler",
      "link": true
    },
    "node_modules/@orquesta/contracts": {
      "resolved": "packages/contracts",
      "link": true
    },
    "node_modules/@orquesta/core": {
      "resolved": "packages/core",
      "link": true
    },
    "node_modules/@orquesta/event-store": {
      "resolved": "packages/event-store",
      "link": true
    },
    "node_modules/@orquesta/scouts": {
      "resolved": "packages/scouts",
      "link": true
    },
    "node_modules/@orquesta/workbench": {
      "resolved": "apps/workbench",
      "link": true
    },
    "packages/audit": {
      "name": "@orquesta/audit",
      "version": "0.4.0-preview.1",
      "dependencies": {
        "@orquesta/contracts": "*"
      }
    },
    "packages/capability-compiler": {
      "name": "@orquesta/capability-compiler",
      "version": "0.4.0-preview.1",
      "dependencies": {
        "@orquesta/contracts": "*"
      }
    },
    "packages/capability-resolver": {
      "name": "@orquesta/capability-resolver",
      "version": "0.4.0-preview.1",
      "dependencies": {
        "@orquesta/audit": "*",
        "@orquesta/contracts": "*"
      }
    },
    "packages/context-compiler": {
      "name": "@orquesta/context-compiler",
      "version": "0.4.0-preview.1",
      "dependencies": {
        "@orquesta/contracts": "*"
      }
    },
    "packages/contracts": {
      "name": "@orquesta/contracts",
      "version": "0.4.0-preview.1"
    },
    "packages/core": {
      "name": "@orquesta/core",
      "version": "0.4.0-preview.1",
      "dependencies": {
        "@orquesta/audit": "*",
        "@orquesta/capability-compiler": "*",
        "@orquesta/capability-resolver": "*",
        "@orquesta/context-compiler": "*",
        "@orquesta/contracts": "*",
        "@orquesta/event-store": "*",
        "@orquesta/scouts": "*"
      }
    },
    "packages/event-store": {
      "name": "@orquesta/event-store",
      "version": "0.4.0-preview.1",
      "dependencies": {
        "@orquesta/contracts": "*"
      }
    },
    "packages/scouts": {
      "name": "@orquesta/scouts",
      "version": "0.4.0-preview.1",
      "dependencies": {
        "@orquesta/contracts": "*"
      }
    }
  }
}
